// !$*UTF8*$!
{
	archiveVersion = 1;
	classes = {
	};
	objectVersion = 55;
	objects = {

/* Begin PBXBuildFile section */
		AEEAD950277993FA0065DA04 /* AppDelegate.swift in Sources */ = {isa = PBXBuildFile; fileRef = AEEAD94F277993FA0065DA04 /* AppDelegate.swift */; };
		AEEAD952277993FA0065DA04 /* SceneDelegate.swift in Sources */ = {isa = PBXBuildFile; fileRef = AEEAD951277993FA0065DA04 /* SceneDelegate.swift */; };
		AEEAD959277993FF0065DA04 /* Assets.xcassets in Resources */ = {isa = PBXBuildFile; fileRef = AEEAD958277993FF0065DA04 /* Assets.xcassets */; };
		AEEAD95C277993FF0065DA04 /* LaunchScreen.storyboard in Resources */ = {isa = PBXBuildFile; fileRef = AEEAD95A277993FF0065DA04 /* LaunchScreen.storyboard */; };
		AEEAD964277994B60065DA04 /* SignInViewController.swift in Sources */ = {isa = PBXBuildFile; fileRef = AEEAD963277994B60065DA04 /* SignInViewController.swift */; };
		AEEAD966277994EB0065DA04 /* SignInView.swift in Sources */ = {isa = PBXBuildFile; fileRef = AEEAD965277994EB0065DA04 /* SignInView.swift */; };
		AEEAD969277995010065DA04 /* SnapKit in Frameworks */ = {isa = PBXBuildFile; productRef = AEEAD968277995010065DA04 /* SnapKit */; };
		AEEAD96B277999310065DA04 /* APIService.swift in Sources */ = {isa = PBXBuildFile; fileRef = AEEAD96A277999310065DA04 /* APIService.swift */; };
		AEEAD96D27799A4D0065DA04 /* User.swift in Sources */ = {isa = PBXBuildFile; fileRef = AEEAD96C27799A4D0065DA04 /* User.swift */; };
		AEEAD96F2779A7390065DA04 /* Alert+Extension.swift in Sources */ = {isa = PBXBuildFile; fileRef = AEEAD96E2779A7390065DA04 /* Alert+Extension.swift */; };
		AEEAD9712779ABD80065DA04 /* MainViewController.swift in Sources */ = {isa = PBXBuildFile; fileRef = AEEAD9702779ABD80065DA04 /* MainViewController.swift */; };
/* End PBXBuildFile section */

/* Begin PBXFileReference section */
		AEEAD94C277993FA0065DA04 /* 1227MVC.app */ = {isa = PBXFileReference; explicitFileType = wrapper.application; includeInIndex = 0; path = 1227MVC.app; sourceTree = BUILT_PRODUCTS_DIR; };
		AEEAD94F277993FA0065DA04 /* AppDelegate.swift */ = {isa = PBXFileReference; lastKnownFileType = sourcecode.swift; path = AppDelegate.swift; sourceTree = "<group>"; };
		AEEAD951277993FA0065DA04 /* SceneDelegate.swift */ = {isa = PBXFileReference; lastKnownFileType = sourcecode.swift; path = SceneDelegate.swift; sourceTree = "<group>"; };
		AEEAD958277993FF0065DA04 /* Assets.xcassets */ = {isa = PBXFileReference; lastKnownFileType = folder.assetcatalog; path = Assets.xcassets; sourceTree = "<group>"; };
		AEEAD95B277993FF0065DA04 /* Base */ = {isa = PBXFileReference; lastKnownFileType = file.storyboard; name = Base; path = Base.lproj/LaunchScreen.storyboard; sourceTree = "<group>"; };
		AEEAD95D277993FF0065DA04 /* Info.plist */ = {isa = PBXFileReference; lastKnownFileType = text.plist.xml; path = Info.plist; sourceTree = "<group>"; };
		AEEAD963277994B60065DA04 /* SignInViewController.swift */ = {isa = PBXFileReference; lastKnownFileType = sourcecode.swift; path = SignInViewController.swift; sourceTree = "<group>"; };
		AEEAD965277994EB0065DA04 /* SignInView.swift */ = {isa = PBXFileReference; lastKnownFileType = sourcecode.swift; path = SignInView.swift; sourceTree = "<group>"; };
		AEEAD96A277999310065DA04 /* APIService.swift */ = {isa = PBXFileReference; lastKnownFileType = sourcecode.swift; path = APIService.swift; sourceTree = "<group>"; };
		AEEAD96C27799A4D0065DA04 /* User.swift */ = {isa = PBXFileReference; lastKnownFileType = sourcecode.swift; path = User.swift; sourceTree = "<group>"; };
		AEEAD96E2779A7390065DA04 /* Alert+Extension.swift */ = {isa = PBXFileReference; lastKnownFileType = sourcecode.swift; path = "Alert+Extension.swift"; sourceTree = "<group>"; };
		AEEAD9702779ABD80065DA04 /* MainViewController.swift */ = {isa = PBXFileReference; lastKnownFileType = sourcecode.swift; path = MainViewController.swift; sourceTree = "<group>"; };
/* End PBXFileReference section */

/* Begin PBXFrameworksBuildPhase section */
		AEEAD949277993FA0065DA04 /* Frameworks */ = {
			isa = PBXFrameworksBuildPhase;
			buildActionMask = 2147483647;
			files = (
				AEEAD969277995010065DA04 /* SnapKit in Frameworks */,
			);
			runOnlyForDeploymentPostprocessing = 0;
		};
/* End PBXFrameworksBuildPhase section */

/* Begin PBXGroup section */
		AEEAD943277993FA0065DA04 = {
			isa = PBXGroup;
			children = (
				AEEAD94E277993FA0065DA04 /* 1227MVC */,
				AEEAD94D277993FA0065DA04 /* Products */,
			);
			sourceTree = "<group>";
		};
		AEEAD94D277993FA0065DA04 /* Products */ = {
			isa = PBXGroup;
			children = (
				AEEAD94C277993FA0065DA04 /* 1227MVC.app */,
			);
			name = Products;
			sourceTree = "<group>";
		};
		AEEAD94E277993FA0065DA04 /* 1227MVC */ = {
			isa = PBXGroup;
			children = (
				AEEAD94F277993FA0065DA04 /* AppDelegate.swift */,
				AEEAD96E2779A7390065DA04 /* Alert+Extension.swift */,
				AEEAD951277993FA0065DA04 /* SceneDelegate.swift */,
				AEEAD958277993FF0065DA04 /* Assets.xcassets */,
				AEEAD95A277993FF0065DA04 /* LaunchScreen.storyboard */,
				AEEAD95D277993FF0065DA04 /* Info.plist */,
				AEEAD963277994B60065DA04 /* SignInViewController.swift */,
				AEEAD965277994EB0065DA04 /* SignInView.swift */,
				AEEAD96A277999310065DA04 /* APIService.swift */,
				AEEAD96C27799A4D0065DA04 /* User.swift */,
				AEEAD9702779ABD80065DA04 /* MainViewController.swift */,
			);
			path = 1227MVC;
			sourceTree = "<group>";
		};
/* End PBXGroup section */

/* Begin PBXNativeTarget section */
		AEEAD94B277993FA0065DA04 /* 1227MVC */ = {
			isa = PBXNativeTarget;
			buildConfigurationList = AEEAD960277993FF0065DA04 /* Build configuration list for PBXNativeTarget "1227MVC" */;
			buildPhases = (
				AEEAD948277993FA0065DA04 /* Sources */,
				AEEAD949277993FA0065DA04 /* Frameworks */,
				AEEAD94A277993FA0065DA04 /* Resources */,
			);
			buildRules = (
			);
			dependencies = (
			);
			name = 1227MVC;
			packageProductDependencies = (
				AEEAD968277995010065DA04 /* SnapKit */,
			);
			productName = 1227MVC;
			productReference = AEEAD94C277993FA0065DA04 /* 1227MVC.app */;
			productType = "com.apple.product-type.application";
		};
/* End PBXNativeTarget section */

/* Begin PBXProject section */
		AEEAD944277993FA0065DA04 /* Project object */ = {
			isa = PBXProject;
			attributes = {
				BuildIndependentTargetsInParallel = 1;
				LastSwiftUpdateCheck = 1300;
				LastUpgradeCheck = 1300;
				TargetAttributes = {
					AEEAD94B277993FA0065DA04 = {
						CreatedOnToolsVersion = 13.0;
					};
				};
			};
			buildConfigurationList = AEEAD947277993FA0065DA04 /* Build configuration list for PBXProject "1227MVC" */;
			compatibilityVersion = "Xcode 13.0";
			developmentRegion = en;
			hasScannedForEncodings = 0;
			knownRegions = (
				en,
				Base,
			);
			mainGroup = AEEAD943277993FA0065DA04;
			packageReferences = (
				AEEAD967277995010065DA04 /* XCRemoteSwiftPackageReference "SnapKit" */,
			);
			productRefGroup = AEEAD94D277993FA0065DA04 /* Products */;
			projectDirPath = "";
			projectRoot = "";
			targets = (
				AEEAD94B277993FA0065DA04 /* 1227MVC */,
			);
		};
/* End PBXProject section */

/* Begin PBXResourcesBuildPhase section */
		AEEAD94A277993FA0065DA04 /* Resources */ = {
			isa = PBXResourcesBuildPhase;
			buildActionMask = 2147483647;
			files = (
				AEEAD95C277993FF0065DA04 /* LaunchScreen.storyboard in Resources */,
				AEEAD959277993FF0065DA04 /* Assets.xcassets in Resources */,
			);
			runOnlyForDeploymentPostprocessing = 0;
		};
/* End PBXResourcesBuildPhase section */

/* Begin PBXSourcesBuildPhase section */
		AEEAD948277993FA0065DA04 /* Sources */ = {
			isa = PBXSourcesBuildPhase;
			buildActionMask = 2147483647;
			files = (
				AEEAD950277993FA0065DA04 /* AppDelegate.swift in Sources */,
				AEEAD96B277999310065DA04 /* APIService.swift in Sources */,
				AEEAD96D27799A4D0065DA04 /* User.swift in Sources */,
				AEEAD952277993FA0065DA04 /* SceneDelegate.swift in Sources */,
				AEEAD96F2779A7390065DA04 /* Alert+Extension.swift in Sources */,
				AEEAD966277994EB0065DA04 /* SignInView.swift in Sources */,
				AEEAD964277994B60065DA04 /* SignInViewController.swift in Sources */,
				AEEAD9712779ABD80065DA04 /* MainViewController.swift in Sources */,
			);
			runOnlyForDeploymentPostprocessing = 0;
		};
/* End PBXSourcesBuildPhase section */

/* Begin PBXVariantGroup section */
		AEEAD95A277993FF0065DA04 /* LaunchScreen.storyboard */ = {
			isa = PBXVariantGroup;
			children = (
				AEEAD95B277993FF0065DA04 /* Base */,
			);
			name = LaunchScreen.storyboard;
			sourceTree = "<group>";
		};
/* End PBXVariantGroup section */

/* Begin XCBuildConfiguration section */
		AEEAD95E277993FF0065DA04 /* Debug */ = {
			isa = XCBuildConfiguration;
			buildSettings = {
				ALWAYS_SEARCH_USER_PATHS = NO;
				CLANG_ANALYZER_NONNULL = YES;
				CLANG_ANALYZER_NUMBER_OBJECT_CONVERSION = YES_AGGRESSIVE;
				CLANG_CXX_LANGUAGE_STANDARD = "gnu++17";
				CLANG_CXX_LIBRARY = "libc++";
				CLANG_ENABLE_MODULES = YES;
				CLANG_ENABLE_OBJC_ARC = YES;
				CLANG_ENABLE_OBJC_WEAK = YES;
				CLANG_WARN_BLOCK_CAPTURE_AUTORELEASING = YES;
				CLANG_WARN_BOOL_CONVERSION = YES;
				CLANG_WARN_COMMA = YES;
				CLANG_WARN_CONSTANT_CONVERSION = YES;
				CLANG_WARN_DEPRECATED_OBJC_IMPLEMENTATIONS = YES;
				CLANG_WARN_DIRECT_OBJC_ISA_USAGE = YES_ERROR;
				CLANG_WARN_DOCUMENTATION_COMMENTS = YES;
				CLANG_WARN_EMPTY_BODY = YES;
				CLANG_WARN_ENUM_CONVERSION = YES;
				CLANG_WARN_INFINITE_RECURSION = YES;
				CLANG_WARN_INT_CONVERSION = YES;
				CLANG_WARN_NON_LITERAL_NULL_CONVERSION = YES;
				CLANG_WARN_OBJC_IMPLICIT_RETAIN_SELF = YES;
				CLANG_WARN_OBJC_LITERAL_CONVERSION = YES;
				CLANG_WARN_OBJC_ROOT_CLASS = YES_ERROR;
				CLANG_WARN_QUOTED_INCLUDE_IN_FRAMEWORK_HEADER = YES;
				CLANG_WARN_RANGE_LOOP_ANALYSIS = YES;
				CLANG_WARN_STRICT_PROTOTYPES = YES;
				CLANG_WARN_SUSPICIOUS_MOVE = YES;
				CLANG_WARN_UNGUARDED_AVAILABILITY = YES_AGGRESSIVE;
				CLANG_WARN_UNREACHABLE_CODE = YES;
				CLANG_WARN__DUPLICATE_METHOD_MATCH = YES;
				COPY_PHASE_STRIP = NO;
				DEBUG_INFORMATION_FORMAT = dwarf;
				ENABLE_STRICT_OBJC_MSGSEND = YES;
				ENABLE_TESTABILITY = YES;
				GCC_C_LANGUAGE_STANDARD = gnu11;
				GCC_DYNAMIC_NO_PIC = NO;
				GCC_NO_COMMON_BLOCKS = YES;
				GCC_OPTIMIZATION_LEVEL = 0;
				GCC_PREPROCESSOR_DEFINITIONS = (
					"DEBUG=1",
					"$(inherited)",
				);
				GCC_WARN_64_TO_32_BIT_CONVERSION = YES;
				GCC_WARN_ABOUT_RETURN_TYPE = YES_ERROR;
				GCC_WARN_UNDECLARED_SELECTOR = YES;
				GCC_WARN_UNINITIALIZED_AUTOS = YES_AGGRESSIVE;
				GCC_WARN_UNUSED_FUNCTION = YES;
				GCC_WARN_UNUSED_VARIABLE = YES;
				IPHONEOS_DEPLOYMENT_TARGET = 15.0;
				MTL_ENABLE_DEBUG_INFO = INCLUDE_SOURCE;
				MTL_FAST_MATH = YES;
				ONLY_ACTIVE_ARCH = YES;
				SDKROOT = iphoneos;
				SWIFT_ACTIVE_COMPILATION_CONDITIONS = DEBUG;
				SWIFT_OPTIMIZATION_LEVEL = "-Onone";
			};
			name = Debug;
		};
		AEEAD95F277993FF0065DA04 /* Release */ = {
			isa = XCBuildConfiguration;
			buildSettings = {
				ALWAYS_SEARCH_USER_PATHS = NO;
				CLANG_ANALYZER_NONNULL = YES;
				CLANG_ANALYZER_NUMBER_OBJECT_CONVERSION = YES_AGGRESSIVE;
				CLANG_CXX_LANGUAGE_STANDARD = "gnu++17";
				CLANG_CXX_LIBRARY = "libc++";
				CLANG_ENABLE_MODULES = YES;
				CLANG_ENABLE_OBJC_ARC = YES;
				CLANG_ENABLE_OBJC_WEAK = YES;
				CLANG_WARN_BLOCK_CAPTURE_AUTORELEASING = YES;
				CLANG_WARN_BOOL_CONVERSION = YES;
				CLANG_WARN_COMMA = YES;
				CLANG_WARN_CONSTANT_CONVERSION = YES;
				CLANG_WARN_DEPRECATED_OBJC_IMPLEMENTATIONS = YES;
				CLANG_WARN_DIRECT_OBJC_ISA_USAGE = YES_ERROR;
				CLANG_WARN_DOCUMENTATION_COMMENTS = YES;
				CLANG_WARN_EMPTY_BODY = YES;
				CLANG_WARN_ENUM_CONVERSION = YES;
				CLANG_WARN_INFINITE_RECURSION = YES;
				CLANG_WARN_INT_CONVERSION = YES;
				CLANG_WARN_NON_LITERAL_NULL_CONVERSION = YES;
				CLANG_WARN_OBJC_IMPLICIT_RETAIN_SELF = YES;
				CLANG_WARN_OBJC_LITERAL_CONVERSION = YES;
				CLANG_WARN_OBJC_ROOT_CLASS = YES_ERROR;
				CLANG_WARN_QUOTED_INCLUDE_IN_FRAMEWORK_HEADER = YES;
				CLANG_WARN_RANGE_LOOP_ANALYSIS = YES;
				CLANG_WARN_STRICT_PROTOTYPES = YES;
				CLANG_WARN_SUSPICIOUS_MOVE = YES;
				CLANG_WARN_UNGUARDED_AVAILABILITY = YES_AGGRESSIVE;
				CLANG_WARN_UNREACHABLE_CODE = YES;
				CLANG_WARN__DUPLICATE_METHOD_MATCH = YES;
				COPY_PHASE_STRIP = NO;
				DEBUG_INFORMATION_FORMAT = "dwarf-with-dsym";
				ENABLE_NS_ASSERTIONS = NO;
				ENABLE_STRICT_OBJC_MSGSEND = YES;
				GCC_C_LANGUAGE_STANDARD = gnu11;
				GCC_NO_COMMON_BLOCKS = YES;
				GCC_WARN_64_TO_32_BIT_CONVERSION = YES;
				GCC_WARN_ABOUT_RETURN_TYPE = YES_ERROR;
				GCC_WARN_UNDECLARED_SELECTOR = YES;
				GCC_WARN_UNINITIALIZED_AUTOS = YES_AGGRESSIVE;
				GCC_WARN_UNUSED_FUNCTION = YES;
				GCC_WARN_UNUSED_VARIABLE = YES;
				IPHONEOS_DEPLOYMENT_TARGET = 15.0;
				MTL_ENABLE_DEBUG_INFO = NO;
				MTL_FAST_MATH = YES;
				SDKROOT = iphoneos;
				SWIFT_COMPILATION_MODE = wholemodule;
				SWIFT_OPTIMIZATION_LEVEL = "-O";
				VALIDATE_PRODUCT = YES;
			};
			name = Release;
		};
		AEEAD961277993FF0065DA04 /* Debug */ = {
			isa = XCBuildConfiguration;
			buildSettings = {
				ASSETCATALOG_COMPILER_APPICON_NAME = AppIcon;
				ASSETCATALOG_COMPILER_GLOBAL_ACCENT_COLOR_NAME = AccentColor;
				CODE_SIGN_STYLE = Automatic;
				CURRENT_PROJECT_VERSION = 1;
				DEVELOPMENT_TEAM = W4HDX5XCG8;
				GENERATE_INFOPLIST_FILE = YES;
				INFOPLIST_FILE = 1227MVC/Info.plist;
				INFOPLIST_KEY_UIApplicationSupportsIndirectInputEvents = YES;
				INFOPLIST_KEY_UILaunchStoryboardName = LaunchScreen;
				INFOPLIST_KEY_UISupportedInterfaceOrientations_iPad = "UIInterfaceOrientationPortrait UIInterfaceOrientationPortraitUpsideDown UIInterfaceOrientationLandscapeLeft UIInterfaceOrientationLandscapeRight";
				INFOPLIST_KEY_UISupportedInterfaceOrientations_iPhone = "UIInterfaceOrientationPortrait UIInterfaceOrientationLandscapeLeft UIInterfaceOrientationLandscapeRight";
				LD_RUNPATH_SEARCH_PATHS = (
					"$(inherited)",
					"@executable_path/Frameworks",
				);
				MARKETING_VERSION = 1.0;
				PRODUCT_BUNDLE_IDENTIFIER = "com.sangwonshin.-227MVC";
				PRODUCT_NAME = "$(TARGET_NAME)";
				SWIFT_EMIT_LOC_STRINGS = YES;
				SWIFT_VERSION = 5.0;
				TARGETED_DEVICE_FAMILY = "1,2";
			};
			name = Debug;
		};
		AEEAD962277993FF0065DA04 /* Release */ = {
			isa = XCBuildConfiguration;
			buildSettings = {
				ASSETCATALOG_COMPILER_APPICON_NAME = AppIcon;
				ASSETCATALOG_COMPILER_GLOBAL_ACCENT_COLOR_NAME = AccentColor;
				CODE_SIGN_STYLE = Automatic;
				CURRENT_PROJECT_VERSION = 1;
				DEVELOPMENT_TEAM = W4HDX5XCG8;
				GENERATE_INFOPLIST_FILE = YES;
				INFOPLIST_FILE = 1227MVC/Info.plist;
				INFOPLIST_KEY_UIApplicationSupportsIndirectInputEvents = YES;
				INFOPLIST_KEY_UILaunchStoryboardName = LaunchScreen;
				INFOPLIST_KEY_UISupportedInterfaceOrientations_iPad = "UIInterfaceOrientationPortrait UIInterfaceOrientationPortraitUpsideDown UIInterfaceOrientationLandscapeLeft UIInterfaceOrientationLandscapeRight";
				INFOPLIST_KEY_UISupportedInterfaceOrientations_iPhone = "UIInterfaceOrientationPortrait UIInterfaceOrientationLandscapeLeft UIInterfaceOrientationLandscapeRight";
				LD_RUNPATH_SEARCH_PATHS = (
					"$(inherited)",
					"@executable_path/Frameworks",
				);
				MARKETING_VERSION = 1.0;
				PRODUCT_BUNDLE_IDENTIFIER = "com.sangwonshin.-227MVC";
				PRODUCT_NAME = "$(TARGET_NAME)";
				SWIFT_EMIT_LOC_STRINGS = YES;
				SWIFT_VERSION = 5.0;
				TARGETED_DEVICE_FAMILY = "1,2";
			};
			name = Release;
		};
/* End XCBuildConfiguration section */

/* Begin XCConfigurationList section */
		AEEAD947277993FA0065DA04 /* Build configuration list for PBXProject "1227MVC" */ = {
			isa = XCConfigurationList;
			buildConfigurations = (
				AEEAD95E277993FF0065DA04 /* Debug */,
				AEEAD95F277993FF0065DA04 /* Release */,
			);
			defaultConfigurationIsVisible = 0;
			defaultConfigurationName = Release;
		};
		AEEAD960277993FF0065DA04 /* Build configuration list for PBXNativeTarget "1227MVC" */ = {
			isa = XCConfigurationList;
			buildConfigurations = (
				AEEAD961277993FF0065DA04 /* Debug */,
				AEEAD962277993FF0065DA04 /* Release */,
			);
			defaultConfigurationIsVisible = 0;
			defaultConfigurationName = Release;
		};
/* End XCConfigurationList section */

/* Begin XCRemoteSwiftPackageReference section */
		AEEAD967277995010065DA04 /* XCRemoteSwiftPackageReference "SnapKit" */ = {
			isa = XCRemoteSwiftPackageReference;
			repositoryURL = "https://github.com/SnapKit/SnapKit.git";
			requirement = {
				kind = upToNextMajorVersion;
				minimumVersion = 5.0.0;
			};
		};
/* End XCRemoteSwiftPackageReference section */

/* Begin XCSwiftPackageProductDependency section */
		AEEAD968277995010065DA04 /* SnapKit */ = {
			isa = XCSwiftPackageProductDependency;
			package = AEEAD967277995010065DA04 /* XCRemoteSwiftPackageReference "SnapKit" */;
			productName = SnapKit;
		};
/* End XCSwiftPackageProductDependency section */
	};
	rootObject = AEEAD944277993FA0065DA04 /* Project object */;
}
